
Microsoft Visual Studio Solution File, Format Version 12.00
# Visual Studio Version 17
VisualStudioVersion = 17.7.34024.191
MinimumVisualStudioVersion = 10.0.40219.1
Project("{FAE04EC0-301F-11D3-BF4B-00C04F79EFBC}") = "PlayListParser", "PlayListParser\PlayListParser.csproj", "{4E00ECA8-37BF-4071-9FF2-4DE1AA5753A0}"
EndProject
Global
	GlobalSection(SolutionConfigurationPlatforms) = preSolution
		Debug|Any CPU = Debug|Any CPU
		Release|Any CPU = Release|Any CPU
	EndGlobalSection
	GlobalSection(ProjectConfigurationPlatforms) = postSolution
		{4E00ECA8-37BF-4071-9FF2-4DE1AA5753A0}.Debug|Any CPU.ActiveCfg = Debug|Any CPU
		{4E00ECA8-37BF-4071-9FF2-4DE1AA5753A0}.Debug|Any CPU.Build.0 = Debug|Any CPU
		{4E00ECA8-37BF-4071-9FF2-4DE1AA5753A0}.Release|Any CPU.ActiveCfg = Release|Any CPU
		{4E00ECA8-37BF-4071-9FF2-4DE1AA5753A0}.Release|Any CPU.Build.0 = Release|Any CPU
	EndGlobalSection
	GlobalSection(SolutionProperties) = preSolution
		HideSolutionNode = FALSE
	EndGlobalSection
	GlobalSection(ExtensibilityGlobals) = postSolution
		SolutionGuid = {311E004F-E831-4F9A-A285-73D8957C7A35}
	EndGlobalSection
EndGlobal
